
Microsoft Visual Studio Solution File, Format Version 12.00
# Visual Studio Version 16
VisualStudioVersion = 16.0.29424.173
MinimumVisualStudioVersion = 10.0.40219.1
Project("{FAE04EC0-301F-11D3-BF4B-00C04F79EFBC}") = "GUI", "GUI\GUI.csproj", "{81E3C656-D716-4ABA-B16A-14D6FF48B38E}"
EndProject
Global
	GlobalSection(SolutionConfigurationPlatforms) = preSolution
		Debug|Any CPU = Debug|Any CPU
		Release|Any CPU = Release|Any CPU
	EndGlobalSection
	GlobalSection(ProjectConfigurationPlatforms) = postSolution
		{81E3C656-D716-4ABA-B16A-14D6FF48B38E}.Debug|Any CPU.ActiveCfg = Debug|Any CPU
		{81E3C656-D716-4ABA-B16A-14D6FF48B38E}.Debug|Any CPU.Build.0 = Debug|Any CPU
		{81E3C656-D716-4ABA-B16A-14D6FF48B38E}.Release|Any CPU.ActiveCfg = Release|Any CPU
		{81E3C656-D716-4ABA-B16A-14D6FF48B38E}.Release|Any CPU.Build.0 = Release|Any CPU
	EndGlobalSection
	GlobalSection(SolutionProperties) = preSolution
		HideSolutionNode = FALSE
	EndGlobalSection
	GlobalSection(ExtensibilityGlobals) = postSolution
		SolutionGuid = {359FC7DD-33F3-494D-BED9-588C991DC1A6}
	EndGlobalSection
EndGlobal
